
Microsoft Visual Studio Solution File, Format Version 12.00
# Visual Studio Version 16
VisualStudioVersion = 16.0.32002.261
MinimumVisualStudioVersion = 10.0.40219.1
Project("{FAE04EC0-301F-11D3-BF4B-00C04F79EFBC}") = "Forum_PL", "Forum_PL\Forum_PL.csproj", "{9EAC4ABB-132E-4350-9B3C-E6F322D5EF7E}"
EndProject
Project("{FAE04EC0-301F-11D3-BF4B-00C04F79EFBC}") = "Forum_DAL", "Forum_DAL\Forum_DAL.csproj", "{BFBCF6E6-8522-4C45-85FB-37005FBF7AB8}"
EndProject
Project("{FAE04EC0-301F-11D3-BF4B-00C04F79EFBC}") = "Forum_BLL", "Forum_BLL\Forum_BLL.csproj", "{B735BE7B-6545-470B-A87B-4FB0A9612968}"
EndProject
Global
	GlobalSection(SolutionConfigurationPlatforms) = preSolution
		Debug|Any CPU = Debug|Any CPU
		Release|Any CPU = Release|Any CPU
	EndGlobalSection
	GlobalSection(ProjectConfigurationPlatforms) = postSolution
		{9EAC4ABB-132E-4350-9B3C-E6F322D5EF7E}.Debug|Any CPU.ActiveCfg = Debug|Any CPU
		{9EAC4ABB-132E-4350-9B3C-E6F322D5EF7E}.Debug|Any CPU.Build.0 = Debug|Any CPU
		{9EAC4ABB-132E-4350-9B3C-E6F322D5EF7E}.Release|Any CPU.ActiveCfg = Release|Any CPU
		{9EAC4ABB-132E-4350-9B3C-E6F322D5EF7E}.Release|Any CPU.Build.0 = Release|Any CPU
		{BFBCF6E6-8522-4C45-85FB-37005FBF7AB8}.Debug|Any CPU.ActiveCfg = Debug|Any CPU
		{BFBCF6E6-8522-4C45-85FB-37005FBF7AB8}.Debug|Any CPU.Build.0 = Debug|Any CPU
		{BFBCF6E6-8522-4C45-85FB-37005FBF7AB8}.Release|Any CPU.ActiveCfg = Release|Any CPU
		{BFBCF6E6-8522-4C45-85FB-37005FBF7AB8}.Release|Any CPU.Build.0 = Release|Any CPU
		{B735BE7B-6545-470B-A87B-4FB0A9612968}.Debug|Any CPU.ActiveCfg = Debug|Any CPU
		{B735BE7B-6545-470B-A87B-4FB0A9612968}.Debug|Any CPU.Build.0 = Debug|Any CPU
		{B735BE7B-6545-470B-A87B-4FB0A9612968}.Release|Any CPU.ActiveCfg = Release|Any CPU
		{B735BE7B-6545-470B-A87B-4FB0A9612968}.Release|Any CPU.Build.0 = Release|Any CPU
	EndGlobalSection
	GlobalSection(SolutionProperties) = preSolution
		HideSolutionNode = FALSE
	EndGlobalSection
	GlobalSection(ExtensibilityGlobals) = postSolution
		SolutionGuid = {B736AD05-5CD9-4A46-92D0-10CEB23B00A2}
	EndGlobalSection
EndGlobal
